// !$*UTF8*$!
{
	archiveVersion = 1;
	classes = {
	};
	objectVersion = 56;
	objects = {

/* Begin PBXBuildFile section */
		847604F12C5747B000EE8756 /* GTRPImageCoreEngine.framework in Frameworks */ = {isa = PBXBuildFile; fileRef = 847604F02C5747B000EE8756 /* GTRPImageCoreEngine.framework */; };
		847A5E1C2C4E12F70009DED0 /* AppDelegate.swift in Sources */ = {isa = PBXBuildFile; fileRef = 847A5E1B2C4E12F70009DED0 /* AppDelegate.swift */; };
		847A5E1E2C4E12F70009DED0 /* SceneDelegate.swift in Sources */ = {isa = PBXBuildFile; fileRef = 847A5E1D2C4E12F70009DED0 /* SceneDelegate.swift */; };
		847A5E202C4E12F70009DED0 /* ViewController.swift in Sources */ = {isa = PBXBuildFile; fileRef = 847A5E1F2C4E12F70009DED0 /* ViewController.swift */; };
		847A5E232C4E12F70009DED0 /* Base in Resources */ = {isa = PBXBuildFile; fileRef = 847A5E222C4E12F70009DED0 /* Base */; };
		847A5E252C4E12F80009DED0 /* Assets.xcassets in Resources */ = {isa = PBXBuildFile; fileRef = 847A5E242C4E12F80009DED0 /* Assets.xcassets */; };
		847A5E282C4E12F80009DED0 /* Base in Resources */ = {isa = PBXBuildFile; fileRef = 847A5E272C4E12F80009DED0 /* Base */; };
		847A5E332C4E12F80009DED0 /* ImageCoreEngineToolTests.swift in Sources */ = {isa = PBXBuildFile; fileRef = 847A5E322C4E12F80009DED0 /* ImageCoreEngineToolTests.swift */; };
		847A5E3D2C4E12F80009DED0 /* ImageCoreEngineToolUITests.swift in Sources */ = {isa = PBXBuildFile; fileRef = 847A5E3C2C4E12F80009DED0 /* ImageCoreEngineToolUITests.swift */; };
		847A5E3F2C4E12F80009DED0 /* ImageCoreEngineToolUITestsLaunchTests.swift in Sources */ = {isa = PBXBuildFile; fileRef = 847A5E3E2C4E12F80009DED0 /* ImageCoreEngineToolUITestsLaunchTests.swift */; };
		847A5E572C4E14440009DED0 /* GTRPImageCoreEngine.bundle in Resources */ = {isa = PBXBuildFile; fileRef = 847A5E562C4E14440009DED0 /* GTRPImageCoreEngine.bundle */; };
/* End PBXBuildFile section */

/* Begin PBXContainerItemProxy section */
		847A5E2F2C4E12F80009DED0 /* PBXContainerItemProxy */ = {
			isa = PBXContainerItemProxy;
			containerPortal = 847A5E102C4E12F70009DED0 /* Project object */;
			proxyType = 1;
			remoteGlobalIDString = 847A5E172C4E12F70009DED0;
			remoteInfo = ImageCoreEngineTool;
		};
		847A5E392C4E12F80009DED0 /* PBXContainerItemProxy */ = {
			isa = PBXContainerItemProxy;
			containerPortal = 847A5E102C4E12F70009DED0 /* Project object */;
			proxyType = 1;
			remoteGlobalIDString = 847A5E172C4E12F70009DED0;
			remoteInfo = ImageCoreEngineTool;
		};
/* End PBXContainerItemProxy section */

/* Begin PBXFileReference section */
		847604F02C5747B000EE8756 /* GTRPImageCoreEngine.framework */ = {isa = PBXFileReference; lastKnownFileType = wrapper.framework; path = GTRPImageCoreEngine.framework; sourceTree = "<group>"; };
		847A5E182C4E12F70009DED0 /* ImageCoreEngineTool.app */ = {isa = PBXFileReference; explicitFileType = wrapper.application; includeInIndex = 0; path = ImageCoreEngineTool.app; sourceTree = BUILT_PRODUCTS_DIR; };
		847A5E1B2C4E12F70009DED0 /* AppDelegate.swift */ = {isa = PBXFileReference; lastKnownFileType = sourcecode.swift; path = AppDelegate.swift; sourceTree = "<group>"; };
		847A5E1D2C4E12F70009DED0 /* SceneDelegate.swift */ = {isa = PBXFileReference; lastKnownFileType = sourcecode.swift; path = SceneDelegate.swift; sourceTree = "<group>"; };
		847A5E1F2C4E12F70009DED0 /* ViewController.swift */ = {isa = PBXFileReference; lastKnownFileType = sourcecode.swift; path = ViewController.swift; sourceTree = "<group>"; };
		847A5E222C4E12F70009DED0 /* Base */ = {isa = PBXFileReference; lastKnownFileType = file.storyboard; name = Base; path = Base.lproj/Main.storyboard; sourceTree = "<group>"; };
		847A5E242C4E12F80009DED0 /* Assets.xcassets */ = {isa = PBXFileReference; lastKnownFileType = folder.assetcatalog; path = Assets.xcassets; sourceTree = "<group>"; };
		847A5E272C4E12F80009DED0 /* Base */ = {isa = PBXFileReference; lastKnownFileType = file.storyboard; name = Base; path = Base.lproj/LaunchScreen.storyboard; sourceTree = "<group>"; };
		847A5E292C4E12F80009DED0 /* Info.plist */ = {isa = PBXFileReference; lastKnownFileType = text.plist.xml; path = Info.plist; sourceTree = "<group>"; };
		847A5E2E2C4E12F80009DED0 /* ImageCoreEngineToolTests.xctest */ = {isa = PBXFileReference; explicitFileType = wrapper.cfbundle; includeInIndex = 0; path = ImageCoreEngineToolTests.xctest; sourceTree = BUILT_PRODUCTS_DIR; };
		847A5E322C4E12F80009DED0 /* ImageCoreEngineToolTests.swift */ = {isa = PBXFileReference; lastKnownFileType = sourcecode.swift; path = ImageCoreEngineToolTests.swift; sourceTree = "<group>"; };
		847A5E382C4E12F80009DED0 /* ImageCoreEngineToolUITests.xctest */ = {isa = PBXFileReference; explicitFileType = wrapper.cfbundle; includeInIndex = 0; path = ImageCoreEngineToolUITests.xctest; sourceTree = BUILT_PRODUCTS_DIR; };
		847A5E3C2C4E12F80009DED0 /* ImageCoreEngineToolUITests.swift */ = {isa = PBXFileReference; lastKnownFileType = sourcecode.swift; path = ImageCoreEngineToolUITests.swift; sourceTree = "<group>"; };
		847A5E3E2C4E12F80009DED0 /* ImageCoreEngineToolUITestsLaunchTests.swift */ = {isa = PBXFileReference; lastKnownFileType = sourcecode.swift; path = ImageCoreEngineToolUITestsLaunchTests.swift; sourceTree = "<group>"; };
		847A5E562C4E14440009DED0 /* GTRPImageCoreEngine.bundle */ = {isa = PBXFileReference; lastKnownFileType = "wrapper.plug-in"; path = GTRPImageCoreEngine.bundle; sourceTree = "<group>"; };
		847A5E582C4E14770009DED0 /* ImageCoreEngineTool-Bridging-Header.h */ = {isa = PBXFileReference; lastKnownFileType = sourcecode.c.h; path = "ImageCoreEngineTool-Bridging-Header.h"; sourceTree = "<group>"; };
/* End PBXFileReference section */

/* Begin PBXFrameworksBuildPhase section */
		847A5E152C4E12F70009DED0 /* Frameworks */ = {
			isa = PBXFrameworksBuildPhase;
			buildActionMask = 2147483647;
			files = (
				847604F12C5747B000EE8756 /* GTRPImageCoreEngine.framework in Frameworks */,
			);
			runOnlyForDeploymentPostprocessing = 0;
		};
		847A5E2B2C4E12F80009DED0 /* Frameworks */ = {
			isa = PBXFrameworksBuildPhase;
			buildActionMask = 2147483647;
			files = (
			);
			runOnlyForDeploymentPostprocessing = 0;
		};
		847A5E352C4E12F80009DED0 /* Frameworks */ = {
			isa = PBXFrameworksBuildPhase;
			buildActionMask = 2147483647;
			files = (
			);
			runOnlyForDeploymentPostprocessing = 0;
		};
/* End PBXFrameworksBuildPhase section */

/* Begin PBXGroup section */
		847A5E0F2C4E12F70009DED0 = {
			isa = PBXGroup;
			children = (
				847604F02C5747B000EE8756 /* GTRPImageCoreEngine.framework */,
				847A5E562C4E14440009DED0 /* GTRPImageCoreEngine.bundle */,
				847A5E1A2C4E12F70009DED0 /* ImageCoreEngineTool */,
				847A5E312C4E12F80009DED0 /* ImageCoreEngineToolTests */,
				847A5E3B2C4E12F80009DED0 /* ImageCoreEngineToolUITests */,
				847A5E192C4E12F70009DED0 /* Products */,
			);
			sourceTree = "<group>";
		};
		847A5E192C4E12F70009DED0 /* Products */ = {
			isa = PBXGroup;
			children = (
				847A5E182C4E12F70009DED0 /* ImageCoreEngineTool.app */,
				847A5E2E2C4E12F80009DED0 /* ImageCoreEngineToolTests.xctest */,
				847A5E382C4E12F80009DED0 /* ImageCoreEngineToolUITests.xctest */,
			);
			name = Products;
			sourceTree = "<group>";
		};
		847A5E1A2C4E12F70009DED0 /* ImageCoreEngineTool */ = {
			isa = PBXGroup;
			children = (
				847A5E1B2C4E12F70009DED0 /* AppDelegate.swift */,
				847A5E1D2C4E12F70009DED0 /* SceneDelegate.swift */,
				847A5E1F2C4E12F70009DED0 /* ViewController.swift */,
				847A5E212C4E12F70009DED0 /* Main.storyboard */,
				847A5E242C4E12F80009DED0 /* Assets.xcassets */,
				847A5E262C4E12F80009DED0 /* LaunchScreen.storyboard */,
				847A5E292C4E12F80009DED0 /* Info.plist */,
				847A5E582C4E14770009DED0 /* ImageCoreEngineTool-Bridging-Header.h */,
			);
			path = ImageCoreEngineTool;
			sourceTree = "<group>";
		};
		847A5E312C4E12F80009DED0 /* ImageCoreEngineToolTests */ = {
			isa = PBXGroup;
			children = (
				847A5E322C4E12F80009DED0 /* ImageCoreEngineToolTests.swift */,
			);
			path = ImageCoreEngineToolTests;
			sourceTree = "<group>";
		};
		847A5E3B2C4E12F80009DED0 /* ImageCoreEngineToolUITests */ = {
			isa = PBXGroup;
			children = (
				847A5E3C2C4E12F80009DED0 /* ImageCoreEngineToolUITests.swift */,
				847A5E3E2C4E12F80009DED0 /* ImageCoreEngineToolUITestsLaunchTests.swift */,
			);
			path = ImageCoreEngineToolUITests;
			sourceTree = "<group>";
		};
/* End PBXGroup section */

/* Begin PBXNativeTarget section */
		847A5E172C4E12F70009DED0 /* ImageCoreEngineTool */ = {
			isa = PBXNativeTarget;
			buildConfigurationList = 847A5E422C4E12F80009DED0 /* Build configuration list for PBXNativeTarget "ImageCoreEngineTool" */;
			buildPhases = (
				847A5E142C4E12F70009DED0 /* Sources */,
				847A5E152C4E12F70009DED0 /* Frameworks */,
				847A5E162C4E12F70009DED0 /* Resources */,
			);
			buildRules = (
			);
			dependencies = (
			);
			name = ImageCoreEngineTool;
			productName = ImageCoreEngineTool;
			productReference = 847A5E182C4E12F70009DED0 /* ImageCoreEngineTool.app */;
			productType = "com.apple.product-type.application";
		};
		847A5E2D2C4E12F80009DED0 /* ImageCoreEngineToolTests */ = {
			isa = PBXNativeTarget;
			buildConfigurationList = 847A5E452C4E12F80009DED0 /* Build configuration list for PBXNativeTarget "ImageCoreEngineToolTests" */;
			buildPhases = (
				847A5E2A2C4E12F80009DED0 /* Sources */,
				847A5E2B2C4E12F80009DED0 /* Frameworks */,
				847A5E2C2C4E12F80009DED0 /* Resources */,
			);
			buildRules = (
			);
			dependencies = (
				847A5E302C4E12F80009DED0 /* PBXTargetDependency */,
			);
			name = ImageCoreEngineToolTests;
			productName = ImageCoreEngineToolTests;
			productReference = 847A5E2E2C4E12F80009DED0 /* ImageCoreEngineToolTests.xctest */;
			productType = "com.apple.product-type.bundle.unit-test";
		};
		847A5E372C4E12F80009DED0 /* ImageCoreEngineToolUITests */ = {
			isa = PBXNativeTarget;
			buildConfigurationList = 847A5E482C4E12F80009DED0 /* Build configuration list for PBXNativeTarget "ImageCoreEngineToolUITests" */;
			buildPhases = (
				847A5E342C4E12F80009DED0 /* Sources */,
				847A5E352C4E12F80009DED0 /* Frameworks */,
				847A5E362C4E12F80009DED0 /* Resources */,
			);
			buildRules = (
			);
			dependencies = (
				847A5E3A2C4E12F80009DED0 /* PBXTargetDependency */,
			);
			name = ImageCoreEngineToolUITests;
			productName = ImageCoreEngineToolUITests;
			productReference = 847A5E382C4E12F80009DED0 /* ImageCoreEngineToolUITests.xctest */;
			productType = "com.apple.product-type.bundle.ui-testing";
		};
/* End PBXNativeTarget section */

/* Begin PBXProject section */
		847A5E102C4E12F70009DED0 /* Project object */ = {
			isa = PBXProject;
			attributes = {
				BuildIndependentTargetsInParallel = 1;
				LastSwiftUpdateCheck = 1540;
				LastUpgradeCheck = 1540;
				TargetAttributes = {
					847A5E172C4E12F70009DED0 = {
						CreatedOnToolsVersion = 15.4;
						LastSwiftMigration = 1540;
					};
					847A5E2D2C4E12F80009DED0 = {
						CreatedOnToolsVersion = 15.4;
						TestTargetID = 847A5E172C4E12F70009DED0;
					};
					847A5E372C4E12F80009DED0 = {
						CreatedOnToolsVersion = 15.4;
						TestTargetID = 847A5E172C4E12F70009DED0;
					};
				};
			};
			buildConfigurationList = 847A5E132C4E12F70009DED0 /* Build configuration list for PBXProject "ImageCoreEngineTool" */;
			compatibilityVersion = "Xcode 14.0";
			developmentRegion = en;
			hasScannedForEncodings = 0;
			knownRegions = (
				en,
				Base,
			);
			mainGroup = 847A5E0F2C4E12F70009DED0;
			productRefGroup = 847A5E192C4E12F70009DED0 /* Products */;
			projectDirPath = "";
			projectRoot = "";
			targets = (
				847A5E172C4E12F70009DED0 /* ImageCoreEngineTool */,
				847A5E2D2C4E12F80009DED0 /* ImageCoreEngineToolTests */,
				847A5E372C4E12F80009DED0 /* ImageCoreEngineToolUITests */,
			);
		};
/* End PBXProject section */

/* Begin PBXResourcesBuildPhase section */
		847A5E162C4E12F70009DED0 /* Resources */ = {
			isa = PBXResourcesBuildPhase;
			buildActionMask = 2147483647;
			files = (
				847A5E252C4E12F80009DED0 /* Assets.xcassets in Resources */,
				847A5E572C4E14440009DED0 /* GTRPImageCoreEngine.bundle in Resources */,
				847A5E282C4E12F80009DED0 /* Base in Resources */,
				847A5E232C4E12F70009DED0 /* Base in Resources */,
			);
			runOnlyForDeploymentPostprocessing = 0;
		};
		847A5E2C2C4E12F80009DED0 /* Resources */ = {
			isa = PBXResourcesBuildPhase;
			buildActionMask = 2147483647;
			files = (
			);
			runOnlyForDeploymentPostprocessing = 0;
		};
		847A5E362C4E12F80009DED0 /* Resources */ = {
			isa = PBXResourcesBuildPhase;
			buildActionMask = 2147483647;
			files = (
			);
			runOnlyForDeploymentPostprocessing = 0;
		};
/* End PBXResourcesBuildPhase section */

/* Begin PBXSourcesBuildPhase section */
		847A5E142C4E12F70009DED0 /* Sources */ = {
			isa = PBXSourcesBuildPhase;
			buildActionMask = 2147483647;
			files = (
				847A5E202C4E12F70009DED0 /* ViewController.swift in Sources */,
				847A5E1C2C4E12F70009DED0 /* AppDelegate.swift in Sources */,
				847A5E1E2C4E12F70009DED0 /* SceneDelegate.swift in Sources */,
			);
			runOnlyForDeploymentPostprocessing = 0;
		};
		847A5E2A2C4E12F80009DED0 /* Sources */ = {
			isa = PBXSourcesBuildPhase;
			buildActionMask = 2147483647;
			files = (
				847A5E332C4E12F80009DED0 /* ImageCoreEngineToolTests.swift in Sources */,
			);
			runOnlyForDeploymentPostprocessing = 0;
		};
		847A5E342C4E12F80009DED0 /* Sources */ = {
			isa = PBXSourcesBuildPhase;
			buildActionMask = 2147483647;
			files = (
				847A5E3D2C4E12F80009DED0 /* ImageCoreEngineToolUITests.swift in Sources */,
				847A5E3F2C4E12F80009DED0 /* ImageCoreEngineToolUITestsLaunchTests.swift in Sources */,
			);
			runOnlyForDeploymentPostprocessing = 0;
		};
/* End PBXSourcesBuildPhase section */

/* Begin PBXTargetDependency section */
		847A5E302C4E12F80009DED0 /* PBXTargetDependency */ = {
			isa = PBXTargetDependency;
			target = 847A5E172C4E12F70009DED0 /* ImageCoreEngineTool */;
			targetProxy = 847A5E2F2C4E12F80009DED0 /* PBXContainerItemProxy */;
		};
		847A5E3A2C4E12F80009DED0 /* PBXTargetDependency */ = {
			isa = PBXTargetDependency;
			target = 847A5E172C4E12F70009DED0 /* ImageCoreEngineTool */;
			targetProxy = 847A5E392C4E12F80009DED0 /* PBXContainerItemProxy */;
		};
/* End PBXTargetDependency section */

/* Begin PBXVariantGroup section */
		847A5E212C4E12F70009DED0 /* Main.storyboard */ = {
			isa = PBXVariantGroup;
			children = (
				847A5E222C4E12F70009DED0 /* Base */,
			);
			name = Main.storyboard;
			sourceTree = "<group>";
		};
		847A5E262C4E12F80009DED0 /* LaunchScreen.storyboard */ = {
			isa = PBXVariantGroup;
			children = (
				847A5E272C4E12F80009DED0 /* Base */,
			);
			name = LaunchScreen.storyboard;
			sourceTree = "<group>";
		};
/* End PBXVariantGroup section */

/* Begin XCBuildConfiguration section */
		847A5E402C4E12F80009DED0 /* Debug */ = {
			isa = XCBuildConfiguration;
			buildSettings = {
				ALWAYS_SEARCH_USER_PATHS = NO;
				ASSETCATALOG_COMPILER_GENERATE_SWIFT_ASSET_SYMBOL_EXTENSIONS = YES;
				CLANG_ANALYZER_NONNULL = YES;
				CLANG_ANALYZER_NUMBER_OBJECT_CONVERSION = YES_AGGRESSIVE;
				CLANG_CXX_LANGUAGE_STANDARD = "gnu++20";
				CLANG_ENABLE_MODULES = YES;
				CLANG_ENABLE_OBJC_ARC = YES;
				CLANG_ENABLE_OBJC_WEAK = YES;
				CLANG_WARN_BLOCK_CAPTURE_AUTORELEASING = YES;
				CLANG_WARN_BOOL_CONVERSION = YES;
				CLANG_WARN_COMMA = YES;
				CLANG_WARN_CONSTANT_CONVERSION = YES;
				CLANG_WARN_DEPRECATED_OBJC_IMPLEMENTATIONS = YES;
				CLANG_WARN_DIRECT_OBJC_ISA_USAGE = YES_ERROR;
				CLANG_WARN_DOCUMENTATION_COMMENTS = YES;
				CLANG_WARN_EMPTY_BODY = YES;
				CLANG_WARN_ENUM_CONVERSION = YES;
				CLANG_WARN_INFINITE_RECURSION = YES;
				CLANG_WARN_INT_CONVERSION = YES;
				CLANG_WARN_NON_LITERAL_NULL_CONVERSION = YES;
				CLANG_WARN_OBJC_IMPLICIT_RETAIN_SELF = YES;
				CLANG_WARN_OBJC_LITERAL_CONVERSION = YES;
				CLANG_WARN_OBJC_ROOT_CLASS = YES_ERROR;
				CLANG_WARN_QUOTED_INCLUDE_IN_FRAMEWORK_HEADER = YES;
				CLANG_WARN_RANGE_LOOP_ANALYSIS = YES;
				CLANG_WARN_STRICT_PROTOTYPES = YES;
				CLANG_WARN_SUSPICIOUS_MOVE = YES;
				CLANG_WARN_UNGUARDED_AVAILABILITY = YES_AGGRESSIVE;
				CLANG_WARN_UNREACHABLE_CODE = YES;
				CLANG_WARN__DUPLICATE_METHOD_MATCH = YES;
				COPY_PHASE_STRIP = NO;
				DEBUG_INFORMATION_FORMAT = dwarf;
				ENABLE_STRICT_OBJC_MSGSEND = YES;
				ENABLE_TESTABILITY = YES;
				ENABLE_USER_SCRIPT_SANDBOXING = YES;
				GCC_C_LANGUAGE_STANDARD = gnu17;
				GCC_DYNAMIC_NO_PIC = NO;
				GCC_NO_COMMON_BLOCKS = YES;
				GCC_OPTIMIZATION_LEVEL = 0;
				GCC_PREPROCESSOR_DEFINITIONS = (
					"DEBUG=1",
					"$(inherited)",
				);
				GCC_WARN_64_TO_32_BIT_CONVERSION = YES;
				GCC_WARN_ABOUT_RETURN_TYPE = YES_ERROR;
				GCC_WARN_UNDECLARED_SELECTOR = YES;
				GCC_WARN_UNINITIALIZED_AUTOS = YES_AGGRESSIVE;
				GCC_WARN_UNUSED_FUNCTION = YES;
				GCC_WARN_UNUSED_VARIABLE = YES;
				IPHONEOS_DEPLOYMENT_TARGET = 17.5;
				LOCALIZATION_PREFERS_STRING_CATALOGS = YES;
				MTL_ENABLE_DEBUG_INFO = INCLUDE_SOURCE;
				MTL_FAST_MATH = YES;
				ONLY_ACTIVE_ARCH = YES;
				SDKROOT = iphoneos;
				SWIFT_ACTIVE_COMPILATION_CONDITIONS = "DEBUG $(inherited)";
				SWIFT_OPTIMIZATION_LEVEL = "-Onone";
			};
			name = Debug;
		};
		847A5E412C4E12F80009DED0 /* Release */ = {
			isa = XCBuildConfiguration;
			buildSettings = {
				ALWAYS_SEARCH_USER_PATHS = NO;
				ASSETCATALOG_COMPILER_GENERATE_SWIFT_ASSET_SYMBOL_EXTENSIONS = YES;
				CLANG_ANALYZER_NONNULL = YES;
				CLANG_ANALYZER_NUMBER_OBJECT_CONVERSION = YES_AGGRESSIVE;
				CLANG_CXX_LANGUAGE_STANDARD = "gnu++20";
				CLANG_ENABLE_MODULES = YES;
				CLANG_ENABLE_OBJC_ARC = YES;
				CLANG_ENABLE_OBJC_WEAK = YES;
				CLANG_WARN_BLOCK_CAPTURE_AUTORELEASING = YES;
				CLANG_WARN_BOOL_CONVERSION = YES;
				CLANG_WARN_COMMA = YES;
				CLANG_WARN_CONSTANT_CONVERSION = YES;
				CLANG_WARN_DEPRECATED_OBJC_IMPLEMENTATIONS = YES;
				CLANG_WARN_DIRECT_OBJC_ISA_USAGE = YES_ERROR;
				CLANG_WARN_DOCUMENTATION_COMMENTS = YES;
				CLANG_WARN_EMPTY_BODY = YES;
				CLANG_WARN_ENUM_CONVERSION = YES;
				CLANG_WARN_INFINITE_RECURSION = YES;
				CLANG_WARN_INT_CONVERSION = YES;
				CLANG_WARN_NON_LITERAL_NULL_CONVERSION = YES;
				CLANG_WARN_OBJC_IMPLICIT_RETAIN_SELF = YES;
				CLANG_WARN_OBJC_LITERAL_CONVERSION = YES;
				CLANG_WARN_OBJC_ROOT_CLASS = YES_ERROR;
				CLANG_WARN_QUOTED_INCLUDE_IN_FRAMEWORK_HEADER = YES;
				CLANG_WARN_RANGE_LOOP_ANALYSIS = YES;
				CLANG_WARN_STRICT_PROTOTYPES = YES;
				CLANG_WARN_SUSPICIOUS_MOVE = YES;
				CLANG_WARN_UNGUARDED_AVAILABILITY = YES_AGGRESSIVE;
				CLANG_WARN_UNREACHABLE_CODE = YES;
				CLANG_WARN__DUPLICATE_METHOD_MATCH = YES;
				COPY_PHASE_STRIP = NO;
				DEBUG_INFORMATION_FORMAT = "dwarf-with-dsym";
				ENABLE_NS_ASSERTIONS = NO;
				ENABLE_STRICT_OBJC_MSGSEND = YES;
				ENABLE_USER_SCRIPT_SANDBOXING = YES;
				GCC_C_LANGUAGE_STANDARD = gnu17;
				GCC_NO_COMMON_BLOCKS = YES;
				GCC_WARN_64_TO_32_BIT_CONVERSION = YES;
				GCC_WARN_ABOUT_RETURN_TYPE = YES_ERROR;
				GCC_WARN_UNDECLARED_SELECTOR = YES;
				GCC_WARN_UNINITIALIZED_AUTOS = YES_AGGRESSIVE;
				GCC_WARN_UNUSED_FUNCTION = YES;
				GCC_WARN_UNUSED_VARIABLE = YES;
				IPHONEOS_DEPLOYMENT_TARGET = 17.5;
				LOCALIZATION_PREFERS_STRING_CATALOGS = YES;
				MTL_ENABLE_DEBUG_INFO = NO;
				MTL_FAST_MATH = YES;
				SDKROOT = iphoneos;
				SWIFT_COMPILATION_MODE = wholemodule;
				VALIDATE_PRODUCT = YES;
			};
			name = Release;
		};
		847A5E432C4E12F80009DED0 /* Debug */ = {
			isa = XCBuildConfiguration;
			buildSettings = {
				ASSETCATALOG_COMPILER_APPICON_NAME = AppIcon;
				ASSETCATALOG_COMPILER_GLOBAL_ACCENT_COLOR_NAME = AccentColor;
				CLANG_ENABLE_MODULES = YES;
				CODE_SIGN_STYLE = Automatic;
				CURRENT_PROJECT_VERSION = 1;
				DEVELOPMENT_TEAM = "";
				FRAMEWORK_SEARCH_PATHS = (
					"$(inherited)",
					"$(PROJECT_DIR)/ImageCoreEngineMagic/Frameworks",
					"$(PROJECT_DIR)",
				);
				GENERATE_INFOPLIST_FILE = YES;
				INFOPLIST_FILE = ImageCoreEngineTool/Info.plist;
				INFOPLIST_KEY_UIApplicationSupportsIndirectInputEvents = YES;
				INFOPLIST_KEY_UILaunchStoryboardName = LaunchScreen;
				INFOPLIST_KEY_UIMainStoryboardFile = Main;
				INFOPLIST_KEY_UISupportedInterfaceOrientations_iPad = "UIInterfaceOrientationPortrait UIInterfaceOrientationPortraitUpsideDown UIInterfaceOrientationLandscapeLeft UIInterfaceOrientationLandscapeRight";
				INFOPLIST_KEY_UISupportedInterfaceOrientations_iPhone = "UIInterfaceOrientationPortrait UIInterfaceOrientationLandscapeLeft UIInterfaceOrientationLandscapeRight";
				LD_RUNPATH_SEARCH_PATHS = (
					"$(inherited)",
					"@executable_path/Frameworks",
				);
				MARKETING_VERSION = 1.0;
				PRODUCT_BUNDLE_IDENTIFIER = "Lord-of-Hell.ImageCoreEngineTool";
				PRODUCT_NAME = "$(TARGET_NAME)";
				SWIFT_EMIT_LOC_STRINGS = YES;
				SWIFT_OBJC_BRIDGING_HEADER = "ImageCoreEngineTool/ImageCoreEngineTool-Bridging-Header.h";
				SWIFT_OPTIMIZATION_LEVEL = "-Onone";
				SWIFT_VERSION = 5.0;
				TARGETED_DEVICE_FAMILY = "1,2";
			};
			name = Debug;
		};
		847A5E442C4E12F80009DED0 /* Release */ = {
			isa = XCBuildConfiguration;
			buildSettings = {
				ASSETCATALOG_COMPILER_APPICON_NAME = AppIcon;
				ASSETCATALOG_COMPILER_GLOBAL_ACCENT_COLOR_NAME = AccentColor;
				CLANG_ENABLE_MODULES = YES;
				CODE_SIGN_STYLE = Automatic;
				CURRENT_PROJECT_VERSION = 1;
				DEVELOPMENT_TEAM = "";
				FRAMEWORK_SEARCH_PATHS = (
					"$(inherited)",
					"$(PROJECT_DIR)/ImageCoreEngineMagic/Frameworks",
					"$(PROJECT_DIR)",
				);
				GENERATE_INFOPLIST_FILE = YES;
				INFOPLIST_FILE = ImageCoreEngineTool/Info.plist;
				INFOPLIST_KEY_UIApplicationSupportsIndirectInputEvents = YES;
				INFOPLIST_KEY_UILaunchStoryboardName = LaunchScreen;
				INFOPLIST_KEY_UIMainStoryboardFile = Main;
				INFOPLIST_KEY_UISupportedInterfaceOrientations_iPad = "UIInterfaceOrientationPortrait UIInterfaceOrientationPortraitUpsideDown UIInterfaceOrientationLandscapeLeft UIInterfaceOrientationLandscapeRight";
				INFOPLIST_KEY_UISupportedInterfaceOrientations_iPhone = "UIInterfaceOrientationPortrait UIInterfaceOrientationLandscapeLeft UIInterfaceOrientationLandscapeRight";
				LD_RUNPATH_SEARCH_PATHS = (
					"$(inherited)",
					"@executable_path/Frameworks",
				);
				MARKETING_VERSION = 1.0;
				PRODUCT_BUNDLE_IDENTIFIER = "Lord-of-Hell.ImageCoreEngineTool";
				PRODUCT_NAME = "$(TARGET_NAME)";
				SWIFT_EMIT_LOC_STRINGS = YES;
				SWIFT_OBJC_BRIDGING_HEADER = "ImageCoreEngineTool/ImageCoreEngineTool-Bridging-Header.h";
				SWIFT_VERSION = 5.0;
				TARGETED_DEVICE_FAMILY = "1,2";
			};
			name = Release;
		};
		847A5E462C4E12F80009DED0 /* Debug */ = {
			isa = XCBuildConfiguration;
			buildSettings = {
				ALWAYS_EMBED_SWIFT_STANDARD_LIBRARIES = YES;
				BUNDLE_LOADER = "$(TEST_HOST)";
				CODE_SIGN_STYLE = Automatic;
				CURRENT_PROJECT_VERSION = 1;
				GENERATE_INFOPLIST_FILE = YES;
				IPHONEOS_DEPLOYMENT_TARGET = 17.5;
				MARKETING_VERSION = 1.0;
				PRODUCT_BUNDLE_IDENTIFIER = "Lord-of-Hell.ImageCoreEngineToolTests";
				PRODUCT_NAME = "$(TARGET_NAME)";
				SWIFT_EMIT_LOC_STRINGS = NO;
				SWIFT_VERSION = 5.0;
				TARGETED_DEVICE_FAMILY = "1,2";
				TEST_HOST = "$(BUILT_PRODUCTS_DIR)/ImageCoreEngineTool.app/$(BUNDLE_EXECUTABLE_FOLDER_PATH)/ImageCoreEngineTool";
			};
			name = Debug;
		};
		847A5E472C4E12F80009DED0 /* Release */ = {
			isa = XCBuildConfiguration;
			buildSettings = {
				ALWAYS_EMBED_SWIFT_STANDARD_LIBRARIES = YES;
				BUNDLE_LOADER = "$(TEST_HOST)";
				CODE_SIGN_STYLE = Automatic;
				CURRENT_PROJECT_VERSION = 1;
				GENERATE_INFOPLIST_FILE = YES;
				IPHONEOS_DEPLOYMENT_TARGET = 17.5;
				MARKETING_VERSION = 1.0;
				PRODUCT_BUNDLE_IDENTIFIER = "Lord-of-Hell.ImageCoreEngineToolTests";
				PRODUCT_NAME = "$(TARGET_NAME)";
				SWIFT_EMIT_LOC_STRINGS = NO;
				SWIFT_VERSION = 5.0;
				TARGETED_DEVICE_FAMILY = "1,2";
				TEST_HOST = "$(BUILT_PRODUCTS_DIR)/ImageCoreEngineTool.app/$(BUNDLE_EXECUTABLE_FOLDER_PATH)/ImageCoreEngineTool";
			};
			name = Release;
		};
		847A5E492C4E12F80009DED0 /* Debug */ = {
			isa = XCBuildConfiguration;
			buildSettings = {
				ALWAYS_EMBED_SWIFT_STANDARD_LIBRARIES = YES;
				CODE_SIGN_STYLE = Automatic;
				CURRENT_PROJECT_VERSION = 1;
				GENERATE_INFOPLIST_FILE = YES;
				MARKETING_VERSION = 1.0;
				PRODUCT_BUNDLE_IDENTIFIER = "Lord-of-Hell.ImageCoreEngineToolUITests";
				PRODUCT_NAME = "$(TARGET_NAME)";
				SWIFT_EMIT_LOC_STRINGS = NO;
				SWIFT_VERSION = 5.0;
				TARGETED_DEVICE_FAMILY = "1,2";
				TEST_TARGET_NAME = ImageCoreEngineTool;
			};
			name = Debug;
		};
		847A5E4A2C4E12F80009DED0 /* Release */ = {
			isa = XCBuildConfiguration;
			buildSettings = {
				ALWAYS_EMBED_SWIFT_STANDARD_LIBRARIES = YES;
				CODE_SIGN_STYLE = Automatic;
				CURRENT_PROJECT_VERSION = 1;
				GENERATE_INFOPLIST_FILE = YES;
				MARKETING_VERSION = 1.0;
				PRODUCT_BUNDLE_IDENTIFIER = "Lord-of-Hell.ImageCoreEngineToolUITests";
				PRODUCT_NAME = "$(TARGET_NAME)";
				SWIFT_EMIT_LOC_STRINGS = NO;
				SWIFT_VERSION = 5.0;
				TARGETED_DEVICE_FAMILY = "1,2";
				TEST_TARGET_NAME = ImageCoreEngineTool;
			};
			name = Release;
		};
/* End XCBuildConfiguration section */

/* Begin XCConfigurationList section */
		847A5E132C4E12F70009DED0 /* Build configuration list for PBXProject "ImageCoreEngineTool" */ = {
			isa = XCConfigurationList;
			buildConfigurations = (
				847A5E402C4E12F80009DED0 /* Debug */,
				847A5E412C4E12F80009DED0 /* Release */,
			);
			defaultConfigurationIsVisible = 0;
			defaultConfigurationName = Release;
		};
		847A5E422C4E12F80009DED0 /* Build configuration list for PBXNativeTarget "ImageCoreEngineTool" */ = {
			isa = XCConfigurationList;
			buildConfigurations = (
				847A5E432C4E12F80009DED0 /* Debug */,
				847A5E442C4E12F80009DED0 /* Release */,
			);
			defaultConfigurationIsVisible = 0;
			defaultConfigurationName = Release;
		};
		847A5E452C4E12F80009DED0 /* Build configuration list for PBXNativeTarget "ImageCoreEngineToolTests" */ = {
			isa = XCConfigurationList;
			buildConfigurations = (
				847A5E462C4E12F80009DED0 /* Debug */,
				847A5E472C4E12F80009DED0 /* Release */,
			);
			defaultConfigurationIsVisible = 0;
			defaultConfigurationName = Release;
		};
		847A5E482C4E12F80009DED0 /* Build configuration list for PBXNativeTarget "ImageCoreEngineToolUITests" */ = {
			isa = XCConfigurationList;
			buildConfigurations = (
				847A5E492C4E12F80009DED0 /* Debug */,
				847A5E4A2C4E12F80009DED0 /* Release */,
			);
			defaultConfigurationIsVisible = 0;
			defaultConfigurationName = Release;
		};
/* End XCConfigurationList section */
	};
	rootObject = 847A5E102C4E12F70009DED0 /* Project object */;
}
